
Microsoft Visual Studio Solution File, Format Version 12.00
# Visual Studio 15
VisualStudioVersion = 15.0.28010.2036
MinimumVisualStudioVersion = 10.0.40219.1
Project("{888888A0-9F3D-457C-B088-3A5042F75D52}") = "RaspPY", "RaspPY\RaspPY.pyproj", "{98B84B77-741F-4245-A1DE-0D50AF62C5B1}"
EndProject
Project("{888888A0-9F3D-457C-B088-3A5042F75D52}") = "PySQLServer", "..\PySQLServer\PySQLServer.pyproj", "{EAD1AA9A-3767-4460-8D31-B50CD7591179}"
EndProject
Global
	GlobalSection(SolutionConfigurationPlatforms) = preSolution
		Debug|Any CPU = Debug|Any CPU
		Release|Any CPU = Release|Any CPU
	EndGlobalSection
	GlobalSection(ProjectConfigurationPlatforms) = postSolution
		{98B84B77-741F-4245-A1DE-0D50AF62C5B1}.Debug|Any CPU.ActiveCfg = Debug|Any CPU
		{98B84B77-741F-4245-A1DE-0D50AF62C5B1}.Release|Any CPU.ActiveCfg = Release|Any CPU
		{EAD1AA9A-3767-4460-8D31-B50CD7591179}.Debug|Any CPU.ActiveCfg = Debug|Any CPU
		{EAD1AA9A-3767-4460-8D31-B50CD7591179}.Release|Any CPU.ActiveCfg = Release|Any CPU
	EndGlobalSection
	GlobalSection(SolutionProperties) = preSolution
		HideSolutionNode = FALSE
	EndGlobalSection
	GlobalSection(ExtensibilityGlobals) = postSolution
		SolutionGuid = {0D80BF81-B6FE-4ECB-A224-6FC69DFA7B97}
	EndGlobalSection
EndGlobal
